
Microsoft Visual Studio Solution File, Format Version 12.00
# Visual Studio Version 16
VisualStudioVersion = 16.0.30011.22
MinimumVisualStudioVersion = 10.0.40219.1
Project("{FAE04EC0-301F-11D3-BF4B-00C04F79EFBC}") = "Middleware.LimeZander.Api", "Middleware.LimeZander.Api\Middleware.LimeZander.Api.csproj", "{B300EB41-5BCE-43AA-9846-11FD17B93289}"
EndProject
Project("{2150E333-8FDC-42A3-9474-1A3956D46DE8}") = "Middleware", "Middleware", "{2C03B716-1734-4FA0-BFD2-3249EB5D26DA}"
EndProject
Global
	GlobalSection(SolutionConfigurationPlatforms) = preSolution
		Debug|Any CPU = Debug|Any CPU
		Release|Any CPU = Release|Any CPU
	EndGlobalSection
	GlobalSection(ProjectConfigurationPlatforms) = postSolution
		{B300EB41-5BCE-43AA-9846-11FD17B93289}.Debug|Any CPU.ActiveCfg = Debug|Any CPU
		{B300EB41-5BCE-43AA-9846-11FD17B93289}.Debug|Any CPU.Build.0 = Debug|Any CPU
		{B300EB41-5BCE-43AA-9846-11FD17B93289}.Release|Any CPU.ActiveCfg = Release|Any CPU
		{B300EB41-5BCE-43AA-9846-11FD17B93289}.Release|Any CPU.Build.0 = Release|Any CPU
	EndGlobalSection
	GlobalSection(SolutionProperties) = preSolution
		HideSolutionNode = FALSE
	EndGlobalSection
	GlobalSection(NestedProjects) = preSolution
		{B300EB41-5BCE-43AA-9846-11FD17B93289} = {2C03B716-1734-4FA0-BFD2-3249EB5D26DA}
	EndGlobalSection
	GlobalSection(ExtensibilityGlobals) = postSolution
		SolutionGuid = {622898DE-1A75-4280-92C6-7F52D48F3D5D}
	EndGlobalSection
EndGlobal
