
Microsoft Visual Studio Solution File, Format Version 12.00
# Visual Studio Version 17
VisualStudioVersion = 17.2.32616.157
MinimumVisualStudioVersion = 10.0.40219.1
Project("{2150E333-8FDC-42A3-9474-1A3956D46DE8}") = "Middleware", "Middleware", "{2C03B716-1734-4FA0-BFD2-3249EB5D26DA}"
EndProject
Project("{2150E333-8FDC-42A3-9474-1A3956D46DE8}") = "Data", "Data", "{AAF3856D-8FB7-43D5-8E44-B2FD949CC213}"
EndProject
Project("{9A19103F-16F7-4668-BE54-9A1E7A4F7556}") = "Data.LimeZander.Model", "Data.LimeZander.Model\Data.LimeZander.Model.csproj", "{C759D3CB-A800-4367-8BB6-6213C0F2AAF8}"
EndProject
Project("{9A19103F-16F7-4668-BE54-9A1E7A4F7556}") = "Data.LimeZander.Persistence", "Data.LimeZander.Persistence\Data.LimeZander.Persistence.csproj", "{CBCBA14F-F0BC-4FF2-88E0-096E16062398}"
EndProject
Project("{FAE04EC0-301F-11D3-BF4B-00C04F79EFBC}") = "LimeZander", "LimeZander\LimeZander.csproj", "{D9920900-918B-42B9-8E05-29127E909703}"
EndProject
Global
	GlobalSection(SolutionConfigurationPlatforms) = preSolution
		Debug|Any CPU = Debug|Any CPU
		Release|Any CPU = Release|Any CPU
	EndGlobalSection
	GlobalSection(ProjectConfigurationPlatforms) = postSolution
		{C759D3CB-A800-4367-8BB6-6213C0F2AAF8}.Debug|Any CPU.ActiveCfg = Debug|Any CPU
		{C759D3CB-A800-4367-8BB6-6213C0F2AAF8}.Debug|Any CPU.Build.0 = Debug|Any CPU
		{C759D3CB-A800-4367-8BB6-6213C0F2AAF8}.Release|Any CPU.ActiveCfg = Release|Any CPU
		{C759D3CB-A800-4367-8BB6-6213C0F2AAF8}.Release|Any CPU.Build.0 = Release|Any CPU
		{CBCBA14F-F0BC-4FF2-88E0-096E16062398}.Debug|Any CPU.ActiveCfg = Debug|Any CPU
		{CBCBA14F-F0BC-4FF2-88E0-096E16062398}.Debug|Any CPU.Build.0 = Debug|Any CPU
		{CBCBA14F-F0BC-4FF2-88E0-096E16062398}.Release|Any CPU.ActiveCfg = Release|Any CPU
		{CBCBA14F-F0BC-4FF2-88E0-096E16062398}.Release|Any CPU.Build.0 = Release|Any CPU
		{D9920900-918B-42B9-8E05-29127E909703}.Debug|Any CPU.ActiveCfg = Debug|Any CPU
		{D9920900-918B-42B9-8E05-29127E909703}.Debug|Any CPU.Build.0 = Debug|Any CPU
		{D9920900-918B-42B9-8E05-29127E909703}.Release|Any CPU.ActiveCfg = Release|Any CPU
		{D9920900-918B-42B9-8E05-29127E909703}.Release|Any CPU.Build.0 = Release|Any CPU
	EndGlobalSection
	GlobalSection(SolutionProperties) = preSolution
		HideSolutionNode = FALSE
	EndGlobalSection
	GlobalSection(NestedProjects) = preSolution
		{C759D3CB-A800-4367-8BB6-6213C0F2AAF8} = {AAF3856D-8FB7-43D5-8E44-B2FD949CC213}
		{CBCBA14F-F0BC-4FF2-88E0-096E16062398} = {AAF3856D-8FB7-43D5-8E44-B2FD949CC213}
		{D9920900-918B-42B9-8E05-29127E909703} = {2C03B716-1734-4FA0-BFD2-3249EB5D26DA}
	EndGlobalSection
	GlobalSection(ExtensibilityGlobals) = postSolution
		SolutionGuid = {622898DE-1A75-4280-92C6-7F52D48F3D5D}
	EndGlobalSection
EndGlobal
